
Microsoft Visual Studio Solution File, Format Version 12.00
# Visual Studio Version 17
VisualStudioVersion = 17.14.36301.6 d17.14
MinimumVisualStudioVersion = 10.0.40219.1
Project("{FAE04EC0-301F-11D3-BF4B-00C04F79EFBC}") = "Capstone_2_BE", "Capstone_2_BE.csproj", "{F7A6792E-56D5-1429-4EFF-F2330E38B2C9}"
EndProject
Global
	GlobalSection(SolutionConfigurationPlatforms) = preSolution
		Debug|Any CPU = Debug|Any CPU
		Release|Any CPU = Release|Any CPU
	EndGlobalSection
	GlobalSection(ProjectConfigurationPlatforms) = postSolution
		{F7A6792E-56D5-1429-4EFF-F2330E38B2C9}.Debug|Any CPU.ActiveCfg = Debug|Any CPU
		{F7A6792E-56D5-1429-4EFF-F2330E38B2C9}.Debug|Any CPU.Build.0 = Debug|Any CPU
		{F7A6792E-56D5-1429-4EFF-F2330E38B2C9}.Release|Any CPU.ActiveCfg = Release|Any CPU
		{F7A6792E-56D5-1429-4EFF-F2330E38B2C9}.Release|Any CPU.Build.0 = Release|Any CPU
	EndGlobalSection
	GlobalSection(SolutionProperties) = preSolution
		HideSolutionNode = FALSE
	EndGlobalSection
	GlobalSection(ExtensibilityGlobals) = postSolution
		SolutionGuid = {D319A540-103E-4747-A18C-0B686C506E9F}
	EndGlobalSection
EndGlobal
